
Microsoft Visual Studio Solution File, Format Version 12.00
# Visual Studio Version 17
VisualStudioVersion = 17.8.34316.72
MinimumVisualStudioVersion = 10.0.40219.1
Project("{FAE04EC0-301F-11D3-BF4B-00C04F79EFBC}") = "TesteArvore", "TesteArvore\TesteArvore.csproj", "{3F4E0A4C-A52B-4A00-BAF7-C1A8DF9FCAF0}"
EndProject
Global
	GlobalSection(SolutionConfigurationPlatforms) = preSolution
		Debug|Any CPU = Debug|Any CPU
		Release|Any CPU = Release|Any CPU
	EndGlobalSection
	GlobalSection(ProjectConfigurationPlatforms) = postSolution
		{3F4E0A4C-A52B-4A00-BAF7-C1A8DF9FCAF0}.Debug|Any CPU.ActiveCfg = Debug|Any CPU
		{3F4E0A4C-A52B-4A00-BAF7-C1A8DF9FCAF0}.Debug|Any CPU.Build.0 = Debug|Any CPU
		{3F4E0A4C-A52B-4A00-BAF7-C1A8DF9FCAF0}.Release|Any CPU.ActiveCfg = Release|Any CPU
		{3F4E0A4C-A52B-4A00-BAF7-C1A8DF9FCAF0}.Release|Any CPU.Build.0 = Release|Any CPU
	EndGlobalSection
	GlobalSection(SolutionProperties) = preSolution
		HideSolutionNode = FALSE
	EndGlobalSection
	GlobalSection(ExtensibilityGlobals) = postSolution
		SolutionGuid = {E5B7AEA5-D2CF-4281-BCC5-24B6C5A8291C}
	EndGlobalSection
EndGlobal
